<?xml version="1.0" encoding="utf-8"?>
<Project ToolsVersion="4.0" xmlns="http://schemas.microsoft.com/developer/msbuild/2003">
  <ItemGroup>
    <Filter Include="Source Files">
      <UniqueIdentifier>{4FC737F1-C7A5-4376-A066-2A32D752A2FF}</UniqueIdentifier>
      <Extensions>cpp;c;cc;cxx;def;odl;idl;hpj;bat;asm;asmx</Extensions>
    </Filter>
    <Filter Include="Header Files">
      <UniqueIdentifier>{93995380-89BD-4b04-88EB-625FBE52EBFB}</UniqueIdentifier>
      <Extensions>h;hh;hpp;hxx;hm;inl;inc;xsd</Extensions>
    </Filter>
    <Filter Include="Resource Files">
      <UniqueIdentifier>{67DA6AB6-F800-4c08-8B7A-83BB121AAD01}</UniqueIdentifier>
      <Extensions>rc;ico;cur;bmp;dlg;rc2;rct;bin;rgs;gif;jpg;jpeg;jpe;resx;tiff;tif;png;wav;mfcribbon-ms</Extensions>
    </Filter>
  </ItemGroup>
  <ItemGroup>
    <ClCompile Include="Src\main.cpp">
      <Filter>Source Files</Filter>
    </ClCompile>
    <ClCompile Include="Src\Game Management\Game.cpp">
      <Filter>Source Files</Filter>
    </ClCompile>
    <ClCompile Include="Src\Game Management\TextureManager.cpp">
      <Filter>Source Files</Filter>
    </ClCompile>
    <ClCompile Include="Src\Gameplay\WorldStuff\Map.cpp">
      <Filter>Source Files</Filter>
    </ClCompile>
    <ClCompile Include="Src\Utils\Vector2D.cpp">
      <Filter>Source Files</Filter>
    </ClCompile>
    <ClCompile Include="Src\ECS\ResourcesComponent.hpp">
      <Filter>Source Files</Filter>
    </ClCompile>
    <ClCompile Include="Src\Gameplay\CreatureStuff\Condition.hpp">
      <Filter>Source Files</Filter>
    </ClCompile>
    <ClCompile Include="Src\Gameplay\UserInterface\FloatingTextEntity.hpp">
      <Filter>Source Files</Filter>
    </ClCompile>
    <ClCompile Include="Src\Gameplay\CreatureStuff\Behaviour.hpp">
      <Filter>Source Files</Filter>
    </ClCompile>
    <ClCompile Include="Src\Gameplay\CreatureStuff\Condition.cpp">
      <Filter>Source Files</Filter>
    </ClCompile>
    <ClCompile Include="Src\ECS\InputController.cpp">
      <Filter>Source Files</Filter>
    </ClCompile>
    <ClCompile Include="Src\ECS\LineComponent.hpp">
      <Filter>Source Files</Filter>
    </ClCompile>
    <ClCompile Include="Src\Gameplay\Game Systems\EnemySpawnManager.cpp">
      <Filter>Source Files</Filter>
    </ClCompile>
    <ClCompile Include="Src\ECS\SpatialComponent.cpp">
      <Filter>Source Files</Filter>
    </ClCompile>
    <ClCompile Include="Src\ECS\InteractableComponent.cpp">
      <Filter>Source Files</Filter>
    </ClCompile>
    <ClCompile Include="Src\Gameplay\AbilityStuff\StandardAbilities.cpp">
      <Filter>Source Files</Filter>
    </ClCompile>
    <ClCompile Include="Src\Gameplay\ItemStuff\ItemEntity.cpp">
      <Filter>Source Files</Filter>
    </ClCompile>
    <ClCompile Include="Src\Gameplay\Game Systems\GameEvents.cpp">
      <Filter>Source Files</Filter>
    </ClCompile>
    <ClCompile Include="Src\Gameplay\AbilityStuff\Abilities.cpp">
      <Filter>Source Files</Filter>
    </ClCompile>
    <ClCompile Include="Src\ECS\ComponentLibraries\CollisionMethods.cpp">
      <Filter>Source Files</Filter>
    </ClCompile>
    <ClCompile Include="Src\Utils\NodePubSub.cpp">
      <Filter>Source Files</Filter>
    </ClCompile>
    <ClCompile Include="Src\ECS\ECS.cpp">
      <Filter>Source Files</Filter>
    </ClCompile>
    <ClCompile Include="Src\Game Management\ObjectManagers\AssetManager.cpp">
      <Filter>Source Files</Filter>
    </ClCompile>
    <ClCompile Include="Src\Utils\Timer.cpp">
      <Filter>Source Files</Filter>
    </ClCompile>
    <ClCompile Include="Src\Engine\Buckets\RenderBuckets.cpp">
      <Filter>Source Files</Filter>
    </ClCompile>
    <ClCompile Include="Src\Game Management\GameTime.cpp">
      <Filter>Source Files</Filter>
    </ClCompile>
    <ClCompile Include="Src\ECS\SpriteComponent.cpp">
      <Filter>Source Files</Filter>
    </ClCompile>
    <ClCompile Include="Src\Gameplay\Game Systems\CollisionHandler.cpp">
      <Filter>Source Files</Filter>
    </ClCompile>
  </ItemGroup>
  <ItemGroup>
    <ClInclude Include="Src\Game Management\Game.hpp">
      <Filter>Header Files</Filter>
    </ClInclude>
    <ClInclude Include="Src\Game Management\TextureManager.hpp">
      <Filter>Header Files</Filter>
    </ClInclude>
    <ClInclude Include="Src\Gameplay\WorldStuff\Map.hpp">
      <Filter>Header Files</Filter>
    </ClInclude>
    <ClInclude Include="Src\ECS\components.hpp">
      <Filter>Header Files</Filter>
    </ClInclude>
    <ClInclude Include="Src\ECS\SpriteComponent.hpp">
      <Filter>Header Files</Filter>
    </ClInclude>
    <ClInclude Include="Src\Utils\Vector2D.hpp">
      <Filter>Header Files</Filter>
    </ClInclude>
    <ClInclude Include="Src\ECS\InputController.hpp">
      <Filter>Header Files</Filter>
    </ClInclude>
    <ClInclude Include="Src\ECS\ColliderComponent.hpp">
      <Filter>Header Files</Filter>
    </ClInclude>
    <ClInclude Include="Src\ECS\TextComponent.hpp">
      <Filter>Header Files</Filter>
    </ClInclude>
    <ClInclude Include="Src\Game Management\ObjectManagement.hpp">
      <Filter>Header Files</Filter>
    </ClInclude>
    <ClInclude Include="Src\ECS\ProjectileComponent.hpp">
      <Filter>Header Files</Filter>
    </ClInclude>
    <ClInclude Include="Src\Gameplay\CreatureStuff\Instances\Player.hpp">
      <Filter>Header Files</Filter>
    </ClInclude>
    <ClInclude Include="Src\Gameplay\Entities.hpp">
      <Filter>Header Files</Filter>
    </ClInclude>
    <ClInclude Include="Src\ECS\TrackerComponent.hpp">
      <Filter>Header Files</Filter>
    </ClInclude>
    <ClInclude Include="Src\Gameplay\CreatureStuff\Instances\Enemy.hpp">
      <Filter>Header Files</Filter>
    </ClInclude>
    <ClInclude Include="Src\ECS\AIComponent.hpp">
      <Filter>Header Files</Filter>
    </ClInclude>
    <ClInclude Include="Src\Gameplay\ItemStuff\Item.hpp">
      <Filter>Header Files</Filter>
    </ClInclude>
    <ClInclude Include="Src\Gameplay\ItemStuff\ItemEntity.hpp">
      <Filter>Header Files</Filter>
    </ClInclude>
    <ClInclude Include="Src\Gameplay\CreatureStuff\Instances\CreatureEntity.hpp">
      <Filter>Header Files</Filter>
    </ClInclude>
    <ClInclude Include="Src\Gameplay\CreatureStuff\StatsAndModifiers.hpp">
      <Filter>Header Files</Filter>
    </ClInclude>
    <ClInclude Include="Src\Gameplay\WorldStuff\TileEntity.hpp">
      <Filter>Header Files</Filter>
    </ClInclude>
    <ClInclude Include="Src\Gameplay\AbilityStuff\Entities\ProjectileEntity.hpp">
      <Filter>Header Files</Filter>
    </ClInclude>
    <ClInclude Include="Src\Utils\Camera.hpp">
      <Filter>Header Files</Filter>
    </ClInclude>
    <ClInclude Include="Src\Gameplay\UserInterface\FallingText.hpp">
      <Filter>Header Files</Filter>
    </ClInclude>
    <ClInclude Include="Src\ECS\ContainerComponent.hpp">
      <Filter>Header Files</Filter>
    </ClInclude>
    <ClInclude Include="Src\ECS\ButtonComponent.hpp">
      <Filter>Header Files</Filter>
    </ClInclude>
    <ClInclude Include="Src\ECS\InteractableComponent.hpp">
      <Filter>Header Files</Filter>
    </ClInclude>
    <ClInclude Include="Src\Gameplay\UserInterface\WindowEntity.hpp">
      <Filter>Header Files</Filter>
    </ClInclude>
    <ClInclude Include="Src\Gameplay\AbilityStuff\Entities\SlashEntity.hpp">
      <Filter>Header Files</Filter>
    </ClInclude>
    <ClInclude Include="Src\Utils\utils.hpp">
      <Filter>Header Files</Filter>
    </ClInclude>
    <ClInclude Include="Src\Gameplay\Game Systems\EnemySpawnManager.hpp">
      <Filter>Header Files</Filter>
    </ClInclude>
    <ClInclude Include="Src\Game Management\Scene.hpp">
      <Filter>Header Files</Filter>
    </ClInclude>
    <ClInclude Include="Src\ECS\FadeAwayComponent.hpp">
      <Filter>Header Files</Filter>
    </ClInclude>
    <ClInclude Include="Src\ECS\MovementComponent.hpp">
      <Filter>Header Files</Filter>
    </ClInclude>
    <ClInclude Include="Src\ECS\SpatialComponent.hpp">
      <Filter>Header Files</Filter>
    </ClInclude>
    <ClInclude Include="Src\Gameplay\UserInterface\SimpleButton.hpp">
      <Filter>Header Files</Filter>
    </ClInclude>
    <ClInclude Include="Src\ECS\TrailComponent.hpp">
      <Filter>Header Files</Filter>
    </ClInclude>
    <ClInclude Include="Src\Gameplay\UserInterface\PopupBox.hpp">
      <Filter>Header Files</Filter>
    </ClInclude>
    <ClInclude Include="Src\ECS\DurationComponent.hpp">
      <Filter>Header Files</Filter>
    </ClInclude>
    <ClInclude Include="Src\ECS\LinkComponent.hpp">
      <Filter>Header Files</Filter>
    </ClInclude>
    <ClInclude Include="Src\ECS\BadComponents\OutlineComponent.hpp">
      <Filter>Header Files</Filter>
    </ClInclude>
    <ClInclude Include="Src\Utils\utils_SDL.hpp">
      <Filter>Header Files</Filter>
    </ClInclude>
    <ClInclude Include="Src\ECS\CustomDataStructureComponent.hpp">
      <Filter>Header Files</Filter>
    </ClInclude>
    <ClInclude Include="Src\Gameplay\ItemStuff\Inventory.hpp">
      <Filter>Header Files</Filter>
    </ClInclude>
    <ClInclude Include="Src\Gameplay\CreatureStuff\LimitedResource.hpp">
      <Filter>Header Files</Filter>
    </ClInclude>
    <ClInclude Include="Src\Gameplay\AbilityStuff\Abilities.hpp">
      <Filter>Header Files</Filter>
    </ClInclude>
    <ClInclude Include="Src\Gameplay\AbilityStuff\StandardAbilities.hpp">
      <Filter>Header Files</Filter>
    </ClInclude>
    <ClInclude Include="Src\Gameplay\UserInterface\HotbarEntity.hpp">
      <Filter>Header Files</Filter>
    </ClInclude>
    <ClInclude Include="Src\Gameplay\UserInterface\ItemSlotEntity.hpp">
      <Filter>Header Files</Filter>
    </ClInclude>
    <ClInclude Include="Src\Gameplay\Game Systems\GameEvents.hpp">
      <Filter>Header Files</Filter>
    </ClInclude>
    <ClInclude Include="Src\ECS\GameEventListener.hpp">
      <Filter>Header Files</Filter>
    </ClInclude>
    <ClInclude Include="Src\Gameplay\UserInterface\InventoryWindow.hpp">
      <Filter>Header Files</Filter>
    </ClInclude>
    <ClInclude Include="Src\ECS\ComponentLibraries\CollisionMethods.hpp">
      <Filter>Header Files</Filter>
    </ClInclude>
    <ClInclude Include="Src\Gameplay\AbilityStuff\AttackStats.hpp">
      <Filter>Header Files</Filter>
    </ClInclude>
    <ClInclude Include="Src\Gameplay\UserInterface\ResourceBarEntity.hpp">
      <Filter>Header Files</Filter>
    </ClInclude>
    <ClInclude Include="Src\Gameplay\UserInterface\LogBox.hpp">
      <Filter>Header Files</Filter>
    </ClInclude>
    <ClInclude Include="Src\Utils\NodePubSub.hpp">
      <Filter>Header Files</Filter>
    </ClInclude>
    <ClInclude Include="Src\ECS\GCST.hpp">
      <Filter>Header Files</Filter>
    </ClInclude>
    <ClInclude Include="Src\ECS\ECS.hpp">
      <Filter>Header Files</Filter>
    </ClInclude>
    <ClInclude Include="Src\ECS\CustomFuncComponent.hpp">
      <Filter>Header Files</Filter>
    </ClInclude>
    <ClInclude Include="Src\Gameplay\UserInterface\EntitySpawnMenu.hpp">
      <Filter>Header Files</Filter>
    </ClInclude>
    <ClInclude Include="Src\Gameplay\UserInterface\ScrollableList.hpp">
      <Filter>Header Files</Filter>
    </ClInclude>
    <ClInclude Include="Src\Gameplay\UserInterface\Panel.hpp">
      <Filter>Header Files</Filter>
    </ClInclude>
    <ClInclude Include="Src\ECS\ScrollableComponent.hpp">
      <Filter>Header Files</Filter>
    </ClInclude>
    <ClInclude Include="Src\ECS\UIComponent.hpp">
      <Filter>Header Files</Filter>
    </ClInclude>
    <ClInclude Include="Src\Gameplay\UserInterface\InterfaceData\UI_Element_Info.hpp">
      <Filter>Header Files</Filter>
    </ClInclude>
    <ClInclude Include="Src\Gameplay\UserInterface\InterfaceData\Layouts.hpp">
      <Filter>Header Files</Filter>
    </ClInclude>
    <ClInclude Include="Src\Game Management\ObjectManagers\AssetManager.hpp">
      <Filter>Header Files</Filter>
    </ClInclude>
    <ClInclude Include="Src\Utils\Timer.hpp">
      <Filter>Header Files</Filter>
    </ClInclude>
    <ClInclude Include="Src\Gameplay\Game Systems\CollisionHandler.hpp">
      <Filter>Header Files</Filter>
    </ClInclude>
    <ClInclude Include="Src\Gameplay\Game Systems\EntityGroups.hpp">
      <Filter>Header Files</Filter>
    </ClInclude>
    <ClInclude Include="Src\Engine\Buckets\RenderBuckets.hpp">
      <Filter>Header Files</Filter>
    </ClInclude>
    <ClInclude Include="Archive\RenderBucketArray.hpp">
      <Filter>Header Files</Filter>
    </ClInclude>
    <ClInclude Include="Src\Engine\EntityManagementConstants.hpp">
      <Filter>Header Files</Filter>
    </ClInclude>
    <ClInclude Include="Src\Game Management\GameTime.hpp">
      <Filter>Header Files</Filter>
    </ClInclude>
  </ItemGroup>
  <ItemGroup>
    <Image Include="assets\player.png">
      <Filter>Resource Files</Filter>
    </Image>
    <Image Include="assets\player2.png">
      <Filter>Resource Files</Filter>
    </Image>
    <Image Include="assets\dirt.png">
      <Filter>Resource Files</Filter>
    </Image>
    <Image Include="assets\grass.png">
      <Filter>Resource Files</Filter>
    </Image>
    <Image Include="assets\water.png">
      <Filter>Resource Files</Filter>
    </Image>
    <Image Include="assets\Images\Textures\wave slash.png">
      <Filter>Resource Files</Filter>
    </Image>
  </ItemGroup>
  <ItemGroup>
    <None Include="libpng16-16.dll" />
    <None Include="SDL2.dll" />
    <None Include="SDL2_image.dll" />
    <None Include="zlib1.dll" />
    <None Include="Src\ECS\TileComponent.hpp" />
    <None Include="SDL2_ttf.dll" />
  </ItemGroup>
  <ItemGroup>
    <Text Include="Src\Gameplay\UserInterface\README.txt" />
  </ItemGroup>
</Project>